
Microsoft Visual Studio Solution File, Format Version 12.00
# 
Project("{FAE04EC0-301F-11D3-BF4B-00C04F79EFBC}") = "Pong", "Pong\Pong.csproj", "{C2014E65-D477-45D7-A34D-7BB260ADA519}"
EndProject
Project("{2150E333-8FDC-42A3-9474-1A3956D46DE8}") = "src", "src", "{E1982F73-EEB4-40FD-AAD4-14150E50DB2E}"
	ProjectSection(SolutionItems) = preProject
		.gitignore = .gitignore
		.config\dotnet-tools.json = .config\dotnet-tools.json
		README.md = README.md
	EndProjectSection
EndProject
Project("{FAE04EC0-301F-11D3-BF4B-00C04F79EFBC}") = "Shared", "Shared\Shared.csproj", "{85157457-5969-41CD-8ED6-CD9CD7D49787}"
EndProject
Project("{FAE04EC0-301F-11D3-BF4B-00C04F79EFBC}") = "ShaderSandbox", "ShaderSandbox\ShaderSandbox.csproj", "{9B91272A-185F-4A71-8382-B3B9F80F85EF}"
EndProject
Project("{2150E333-8FDC-42A3-9474-1A3956D46DE8}") = "notes", "notes", "{FB04A9B8-ADFC-402B-9246-4B26CD1A540C}"
	ProjectSection(SolutionItems) = preProject
		Notes\game_loop.md = Notes\game_loop.md
	EndProjectSection
EndProject
Project("{FAE04EC0-301F-11D3-BF4B-00C04F79EFBC}") = "DITemplate", "DITemplate\DITemplate.csproj", "{7117E64D-1F9C-496A-9037-D7F7DF36F38F}"
EndProject
Project("{FAE04EC0-301F-11D3-BF4B-00C04F79EFBC}") = "Entombed", "Entombed\Entombed.csproj", "{8B1DCDF2-5510-4389-A56A-0F059DEECC89}"
EndProject
Project("{FAE04EC0-301F-11D3-BF4B-00C04F79EFBC}") = "Entombed.LevelEditor", "Entombed.LevelEditor\Entombed.LevelEditor.csproj", "{71C90CEF-A457-4011-AD2D-22747F425781}"
EndProject
Global
	GlobalSection(SolutionConfigurationPlatforms) = preSolution
		Debug|Any CPU = Debug|Any CPU
		Release|Any CPU = Release|Any CPU
	EndGlobalSection
	GlobalSection(ProjectConfigurationPlatforms) = postSolution
		{C2014E65-D477-45D7-A34D-7BB260ADA519}.Debug|Any CPU.ActiveCfg = Debug|Any CPU
		{C2014E65-D477-45D7-A34D-7BB260ADA519}.Debug|Any CPU.Build.0 = Debug|Any CPU
		{C2014E65-D477-45D7-A34D-7BB260ADA519}.Release|Any CPU.ActiveCfg = Release|Any CPU
		{C2014E65-D477-45D7-A34D-7BB260ADA519}.Release|Any CPU.Build.0 = Release|Any CPU
		{85157457-5969-41CD-8ED6-CD9CD7D49787}.Debug|Any CPU.ActiveCfg = Debug|Any CPU
		{85157457-5969-41CD-8ED6-CD9CD7D49787}.Debug|Any CPU.Build.0 = Debug|Any CPU
		{85157457-5969-41CD-8ED6-CD9CD7D49787}.Release|Any CPU.ActiveCfg = Release|Any CPU
		{85157457-5969-41CD-8ED6-CD9CD7D49787}.Release|Any CPU.Build.0 = Release|Any CPU
		{9B91272A-185F-4A71-8382-B3B9F80F85EF}.Debug|Any CPU.ActiveCfg = Debug|Any CPU
		{9B91272A-185F-4A71-8382-B3B9F80F85EF}.Debug|Any CPU.Build.0 = Debug|Any CPU
		{9B91272A-185F-4A71-8382-B3B9F80F85EF}.Release|Any CPU.ActiveCfg = Release|Any CPU
		{9B91272A-185F-4A71-8382-B3B9F80F85EF}.Release|Any CPU.Build.0 = Release|Any CPU
		{7117E64D-1F9C-496A-9037-D7F7DF36F38F}.Debug|Any CPU.ActiveCfg = Debug|Any CPU
		{7117E64D-1F9C-496A-9037-D7F7DF36F38F}.Debug|Any CPU.Build.0 = Debug|Any CPU
		{7117E64D-1F9C-496A-9037-D7F7DF36F38F}.Release|Any CPU.ActiveCfg = Release|Any CPU
		{7117E64D-1F9C-496A-9037-D7F7DF36F38F}.Release|Any CPU.Build.0 = Release|Any CPU
		{8B1DCDF2-5510-4389-A56A-0F059DEECC89}.Debug|Any CPU.ActiveCfg = Debug|Any CPU
		{8B1DCDF2-5510-4389-A56A-0F059DEECC89}.Debug|Any CPU.Build.0 = Debug|Any CPU
		{8B1DCDF2-5510-4389-A56A-0F059DEECC89}.Release|Any CPU.ActiveCfg = Release|Any CPU
		{8B1DCDF2-5510-4389-A56A-0F059DEECC89}.Release|Any CPU.Build.0 = Release|Any CPU
		{71C90CEF-A457-4011-AD2D-22747F425781}.Debug|Any CPU.ActiveCfg = Debug|Any CPU
		{71C90CEF-A457-4011-AD2D-22747F425781}.Debug|Any CPU.Build.0 = Debug|Any CPU
		{71C90CEF-A457-4011-AD2D-22747F425781}.Release|Any CPU.ActiveCfg = Release|Any CPU
		{71C90CEF-A457-4011-AD2D-22747F425781}.Release|Any CPU.Build.0 = Release|Any CPU
	EndGlobalSection
EndGlobal
